// !$*UTF8*$!
{
	archiveVersion = 1;
	classes = {
	};
	objectVersion = 55;
	objects = {

/* Begin PBXBuildFile section */
		CD08165327BD62B700691C51 /* UIImage+Make.swift in Sources */ = {isa = PBXBuildFile; fileRef = CD08165227BD62B700691C51 /* UIImage+Make.swift */; };
		CD1BC6F0284171780010E7CB /* LoginPresentationAdapter.swift in Sources */ = {isa = PBXBuildFile; fileRef = CD1BC6EF284171780010E7CB /* LoginPresentationAdapter.swift */; };
		CD20D70F283C5AA2008A5E58 /* LoginIntegrationTests.swift in Sources */ = {isa = PBXBuildFile; fileRef = CD20D70E283C5AA2008A5E58 /* LoginIntegrationTests.swift */; };
		CD571BC5283EF42C0050DD22 /* UIControl+SendEvent.swift in Sources */ = {isa = PBXBuildFile; fileRef = CD571BC4283EF42C0050DD22 /* UIControl+SendEvent.swift */; };
		CD571BC7283EF5480050DD22 /* XCTestCase+TrackMemoryLeaks.swift in Sources */ = {isa = PBXBuildFile; fileRef = CD571BC6283EF5480050DD22 /* XCTestCase+TrackMemoryLeaks.swift */; };
		CD7A341527A9F3C70058D0B1 /* LoaderMaker.swift in Sources */ = {isa = PBXBuildFile; fileRef = CD7A341427A9F3C70058D0B1 /* LoaderMaker.swift */; };
		CD7C8C51284952D800729BB8 /* TokenStoreStub.swift in Sources */ = {isa = PBXBuildFile; fileRef = CD7C8C50284952D800729BB8 /* TokenStoreStub.swift */; };
		CD7C8C5328495B5A00729BB8 /* StubHTTPClient.swift in Sources */ = {isa = PBXBuildFile; fileRef = CD7C8C5228495B5A00729BB8 /* StubHTTPClient.swift */; };
		CD8120EE277A718D00277EF1 /* AppDelegate.swift in Sources */ = {isa = PBXBuildFile; fileRef = CD8120ED277A718D00277EF1 /* AppDelegate.swift */; };
		CD8120F0277A718D00277EF1 /* SceneDelegate.swift in Sources */ = {isa = PBXBuildFile; fileRef = CD8120EF277A718D00277EF1 /* SceneDelegate.swift */; };
		CD8120F7277A719100277EF1 /* Assets.xcassets in Resources */ = {isa = PBXBuildFile; fileRef = CD8120F6277A719100277EF1 /* Assets.xcassets */; };
		CD8120FA277A719100277EF1 /* LaunchScreen.storyboard in Resources */ = {isa = PBXBuildFile; fileRef = CD8120F8277A719100277EF1 /* LaunchScreen.storyboard */; };
		CD81210F277A719100277EF1 /* MoviesNavigatorAppUITests.swift in Sources */ = {isa = PBXBuildFile; fileRef = CD81210E277A719100277EF1 /* MoviesNavigatorAppUITests.swift */; };
		CD812111277A719100277EF1 /* MoviesNavigatorAppUITestsLaunchTests.swift in Sources */ = {isa = PBXBuildFile; fileRef = CD812110277A719100277EF1 /* MoviesNavigatorAppUITestsLaunchTests.swift */; };
		CD9753A227BEADCF00C69919 /* DispatchQueue+DispatchOnMainQueue.swift in Sources */ = {isa = PBXBuildFile; fileRef = CD9753A127BEADCF00C69919 /* DispatchQueue+DispatchOnMainQueue.swift */; };
		CD9753A427BEAF1F00C69919 /* PosterLoaderMaker.swift in Sources */ = {isa = PBXBuildFile; fileRef = CD9753A327BEAF1F00C69919 /* PosterLoaderMaker.swift */; };
		CD9753A627BEAF4300C69919 /* ShowsLoaderMaker.swift in Sources */ = {isa = PBXBuildFile; fileRef = CD9753A527BEAF4300C69919 /* ShowsLoaderMaker.swift */; };
		CD9753A927BEB04400C69919 /* LoadResourcePresentatioAdapter+HomeRefreshControllerDelegate.swift in Sources */ = {isa = PBXBuildFile; fileRef = CD9753A827BEB04400C69919 /* LoadResourcePresentatioAdapter+HomeRefreshControllerDelegate.swift */; };
		CD9753AB27BEB08000C69919 /* LoadResourcePresentationAdapter+TVShowCellControllerDelegate.swift in Sources */ = {isa = PBXBuildFile; fileRef = CD9753AA27BEB08000C69919 /* LoadResourcePresentationAdapter+TVShowCellControllerDelegate.swift */; };
		CD9753AD27BEB0DB00C69919 /* LoadResourcePresentationAdapter+HomeHeaderControllerDelegate.swift in Sources */ = {isa = PBXBuildFile; fileRef = CD9753AC27BEB0DB00C69919 /* LoadResourcePresentationAdapter+HomeHeaderControllerDelegate.swift */; };
		CD9753AF27BEB23F00C69919 /* RequestMaker.swift in Sources */ = {isa = PBXBuildFile; fileRef = CD9753AE27BEB23F00C69919 /* RequestMaker.swift */; };
		CDA7FE33279107E900FE8735 /* SharedAPI.framework in Frameworks */ = {isa = PBXBuildFile; fileRef = CD7C0839277A73DE00E473BD /* SharedAPI.framework */; };
		CDA7FE34279107E900FE8735 /* SharedAPI.framework in Embed Frameworks */ = {isa = PBXBuildFile; fileRef = CD7C0839277A73DE00E473BD /* SharedAPI.framework */; settings = {ATTRIBUTES = (CodeSignOnCopy, RemoveHeadersOnCopy, ); }; };
		CDA7FE36279107EB00FE8735 /* SharedPresentation.framework in Frameworks */ = {isa = PBXBuildFile; fileRef = CDA7FE252791053B00FE8735 /* SharedPresentation.framework */; };
		CDA7FE37279107EB00FE8735 /* SharedPresentation.framework in Embed Frameworks */ = {isa = PBXBuildFile; fileRef = CDA7FE252791053B00FE8735 /* SharedPresentation.framework */; settings = {ATTRIBUTES = (CodeSignOnCopy, RemoveHeadersOnCopy, ); }; };
		CDA7FE38279107ED00FE8735 /* TVShows.framework in Frameworks */ = {isa = PBXBuildFile; fileRef = CD81211F277A722A00277EF1 /* TVShows.framework */; };
		CDA7FE39279107ED00FE8735 /* TVShows.framework in Embed Frameworks */ = {isa = PBXBuildFile; fileRef = CD81211F277A722A00277EF1 /* TVShows.framework */; settings = {ATTRIBUTES = (CodeSignOnCopy, RemoveHeadersOnCopy, ); }; };
		CDA7FE3A279107EF00FE8735 /* TVShowsiOS.framework in Frameworks */ = {isa = PBXBuildFile; fileRef = CD812120277A722A00277EF1 /* TVShowsiOS.framework */; };
		CDA7FE3B279107EF00FE8735 /* TVShowsiOS.framework in Embed Frameworks */ = {isa = PBXBuildFile; fileRef = CD812120277A722A00277EF1 /* TVShowsiOS.framework */; settings = {ATTRIBUTES = (CodeSignOnCopy, RemoveHeadersOnCopy, ); }; };
		CDBBD71127A0A4DE00E9C652 /* HomeCellViewAdapter.swift in Sources */ = {isa = PBXBuildFile; fileRef = CDBBD71027A0A4DE00E9C652 /* HomeCellViewAdapter.swift */; };
		CDBE54E327BB0917000C475F /* MockWindow.swift in Sources */ = {isa = PBXBuildFile; fileRef = CDBE54E227BB0917000C475F /* MockWindow.swift */; };
		CDBE54E527BB09A4000C475F /* SceneDelegateTests.swift in Sources */ = {isa = PBXBuildFile; fileRef = CDBE54E427BB09A4000C475F /* SceneDelegateTests.swift */; };
		CDBE54E727BB0F32000C475F /* HomeScreenAcceptanceTests.swift in Sources */ = {isa = PBXBuildFile; fileRef = CDBE54E627BB0F32000C475F /* HomeScreenAcceptanceTests.swift */; };
		CDC35A942792427C007D2504 /* HomeScreen+TestHelpers.swift in Sources */ = {isa = PBXBuildFile; fileRef = CDC35A932792427C007D2504 /* HomeScreen+TestHelpers.swift */; };
		CDC35A972792488C007D2504 /* LoadResourcePresentationAdapter.swift in Sources */ = {isa = PBXBuildFile; fileRef = CDC35A962792488C007D2504 /* LoadResourcePresentationAdapter.swift */; };
		CDC35A9927924923007D2504 /* TVShowsViewAdapter.swift in Sources */ = {isa = PBXBuildFile; fileRef = CDC35A9827924923007D2504 /* TVShowsViewAdapter.swift */; };
		CDC35A9B2792499D007D2504 /* HomeScreenComposer.swift in Sources */ = {isa = PBXBuildFile; fileRef = CDC35A9A2792499D007D2504 /* HomeScreenComposer.swift */; };
		CDC35A9D279249F7007D2504 /* WeakReferenceProxy.swift in Sources */ = {isa = PBXBuildFile; fileRef = CDC35A9C279249F7007D2504 /* WeakReferenceProxy.swift */; };
		CDCA603128259AE8006C2871 /* SharediOS.framework in Frameworks */ = {isa = PBXBuildFile; fileRef = CDCA603028259AE8006C2871 /* SharediOS.framework */; };
		CDCA603228259AE8006C2871 /* SharediOS.framework in Embed Frameworks */ = {isa = PBXBuildFile; fileRef = CDCA603028259AE8006C2871 /* SharediOS.framework */; settings = {ATTRIBUTES = (CodeSignOnCopy, RemoveHeadersOnCopy, ); }; };
		CDD992152795F0A8004D8317 /* Combine+Helpers.swift in Sources */ = {isa = PBXBuildFile; fileRef = CDD992142795F0A8004D8317 /* Combine+Helpers.swift */; };
		CDE1D232278F83190033918A /* HomeScreenIntegrationTests.swift in Sources */ = {isa = PBXBuildFile; fileRef = CDE1D231278F83190033918A /* HomeScreenIntegrationTests.swift */; };
		CDED775A2840108600B9E440 /* LoginUIComposer.swift in Sources */ = {isa = PBXBuildFile; fileRef = CDED77592840108600B9E440 /* LoginUIComposer.swift */; };
		CDED775C284010D900B9E440 /* LoginRequestPresentationAdapter.swift in Sources */ = {isa = PBXBuildFile; fileRef = CDED775B284010D900B9E440 /* LoginRequestPresentationAdapter.swift */; };
		CDED775E2840112600B9E440 /* LoginViewAdapter.swift in Sources */ = {isa = PBXBuildFile; fileRef = CDED775D2840112600B9E440 /* LoginViewAdapter.swift */; };
/* End PBXBuildFile section */

/* Begin PBXContainerItemProxy section */
		CD812101277A719100277EF1 /* PBXContainerItemProxy */ = {
			isa = PBXContainerItemProxy;
			containerPortal = CD8120E2277A718D00277EF1 /* Project object */;
			proxyType = 1;
			remoteGlobalIDString = CD8120E9277A718D00277EF1;
			remoteInfo = MoviesNavigatorApp;
		};
		CD81210B277A719100277EF1 /* PBXContainerItemProxy */ = {
			isa = PBXContainerItemProxy;
			containerPortal = CD8120E2277A718D00277EF1 /* Project object */;
			proxyType = 1;
			remoteGlobalIDString = CD8120E9277A718D00277EF1;
			remoteInfo = MoviesNavigatorApp;
		};
/* End PBXContainerItemProxy section */

/* Begin PBXCopyFilesBuildPhase section */
		CDA7FE35279107E900FE8735 /* Embed Frameworks */ = {
			isa = PBXCopyFilesBuildPhase;
			buildActionMask = 2147483647;
			dstPath = "";
			dstSubfolderSpec = 10;
			files = (
				CDA7FE34279107E900FE8735 /* SharedAPI.framework in Embed Frameworks */,
				CDA7FE3B279107EF00FE8735 /* TVShowsiOS.framework in Embed Frameworks */,
				CDCA603228259AE8006C2871 /* SharediOS.framework in Embed Frameworks */,
				CDA7FE37279107EB00FE8735 /* SharedPresentation.framework in Embed Frameworks */,
				CDA7FE39279107ED00FE8735 /* TVShows.framework in Embed Frameworks */,
			);
			name = "Embed Frameworks";
			runOnlyForDeploymentPostprocessing = 0;
		};
/* End PBXCopyFilesBuildPhase section */

/* Begin PBXFileReference section */
		CD08165227BD62B700691C51 /* UIImage+Make.swift */ = {isa = PBXFileReference; lastKnownFileType = sourcecode.swift; path = "UIImage+Make.swift"; sourceTree = "<group>"; };
		CD1BC6EF284171780010E7CB /* LoginPresentationAdapter.swift */ = {isa = PBXFileReference; lastKnownFileType = sourcecode.swift; path = LoginPresentationAdapter.swift; sourceTree = "<group>"; };
		CD20D70E283C5AA2008A5E58 /* LoginIntegrationTests.swift */ = {isa = PBXFileReference; lastKnownFileType = sourcecode.swift; path = LoginIntegrationTests.swift; sourceTree = "<group>"; };
		CD571BC4283EF42C0050DD22 /* UIControl+SendEvent.swift */ = {isa = PBXFileReference; lastKnownFileType = sourcecode.swift; path = "UIControl+SendEvent.swift"; sourceTree = "<group>"; };
		CD571BC6283EF5480050DD22 /* XCTestCase+TrackMemoryLeaks.swift */ = {isa = PBXFileReference; lastKnownFileType = sourcecode.swift; path = "XCTestCase+TrackMemoryLeaks.swift"; sourceTree = "<group>"; };
		CD7A341427A9F3C70058D0B1 /* LoaderMaker.swift */ = {isa = PBXFileReference; lastKnownFileType = sourcecode.swift; path = LoaderMaker.swift; sourceTree = "<group>"; };
		CD7C0839277A73DE00E473BD /* SharedAPI.framework */ = {isa = PBXFileReference; explicitFileType = wrapper.framework; path = SharedAPI.framework; sourceTree = BUILT_PRODUCTS_DIR; };
		CD7C8C50284952D800729BB8 /* TokenStoreStub.swift */ = {isa = PBXFileReference; lastKnownFileType = sourcecode.swift; path = TokenStoreStub.swift; sourceTree = "<group>"; };
		CD7C8C5228495B5A00729BB8 /* StubHTTPClient.swift */ = {isa = PBXFileReference; lastKnownFileType = sourcecode.swift; path = StubHTTPClient.swift; sourceTree = "<group>"; };
		CD8120EA277A718D00277EF1 /* MoviesNavigatorApp.app */ = {isa = PBXFileReference; explicitFileType = wrapper.application; includeInIndex = 0; path = MoviesNavigatorApp.app; sourceTree = BUILT_PRODUCTS_DIR; };
		CD8120ED277A718D00277EF1 /* AppDelegate.swift */ = {isa = PBXFileReference; lastKnownFileType = sourcecode.swift; path = AppDelegate.swift; sourceTree = "<group>"; };
		CD8120EF277A718D00277EF1 /* SceneDelegate.swift */ = {isa = PBXFileReference; lastKnownFileType = sourcecode.swift; path = SceneDelegate.swift; sourceTree = "<group>"; };
		CD8120F6277A719100277EF1 /* Assets.xcassets */ = {isa = PBXFileReference; lastKnownFileType = folder.assetcatalog; path = Assets.xcassets; sourceTree = "<group>"; };
		CD8120F9277A719100277EF1 /* Base */ = {isa = PBXFileReference; lastKnownFileType = file.storyboard; name = Base; path = Base.lproj/LaunchScreen.storyboard; sourceTree = "<group>"; };
		CD8120FB277A719100277EF1 /* Info.plist */ = {isa = PBXFileReference; lastKnownFileType = text.plist.xml; path = Info.plist; sourceTree = "<group>"; };
		CD812100277A719100277EF1 /* MoviesNavigatorAppTests.xctest */ = {isa = PBXFileReference; explicitFileType = wrapper.cfbundle; includeInIndex = 0; path = MoviesNavigatorAppTests.xctest; sourceTree = BUILT_PRODUCTS_DIR; };
		CD81210A277A719100277EF1 /* MoviesNavigatorAppUITests.xctest */ = {isa = PBXFileReference; explicitFileType = wrapper.cfbundle; includeInIndex = 0; path = MoviesNavigatorAppUITests.xctest; sourceTree = BUILT_PRODUCTS_DIR; };
		CD81210E277A719100277EF1 /* MoviesNavigatorAppUITests.swift */ = {isa = PBXFileReference; lastKnownFileType = sourcecode.swift; path = MoviesNavigatorAppUITests.swift; sourceTree = "<group>"; };
		CD812110277A719100277EF1 /* MoviesNavigatorAppUITestsLaunchTests.swift */ = {isa = PBXFileReference; lastKnownFileType = sourcecode.swift; path = MoviesNavigatorAppUITestsLaunchTests.swift; sourceTree = "<group>"; };
		CD81211E277A722A00277EF1 /* SharedAPI.framework */ = {isa = PBXFileReference; explicitFileType = wrapper.framework; path = SharedAPI.framework; sourceTree = BUILT_PRODUCTS_DIR; };
		CD81211F277A722A00277EF1 /* TVShows.framework */ = {isa = PBXFileReference; explicitFileType = wrapper.framework; path = TVShows.framework; sourceTree = BUILT_PRODUCTS_DIR; };
		CD812120277A722A00277EF1 /* TVShowsiOS.framework */ = {isa = PBXFileReference; explicitFileType = wrapper.framework; path = TVShowsiOS.framework; sourceTree = BUILT_PRODUCTS_DIR; };
		CD812128277A72EB00277EF1 /* SharedAPI.framework */ = {isa = PBXFileReference; explicitFileType = wrapper.framework; path = SharedAPI.framework; sourceTree = BUILT_PRODUCTS_DIR; };
		CD9753A127BEADCF00C69919 /* DispatchQueue+DispatchOnMainQueue.swift */ = {isa = PBXFileReference; lastKnownFileType = sourcecode.swift; path = "DispatchQueue+DispatchOnMainQueue.swift"; sourceTree = "<group>"; };
		CD9753A327BEAF1F00C69919 /* PosterLoaderMaker.swift */ = {isa = PBXFileReference; lastKnownFileType = sourcecode.swift; path = PosterLoaderMaker.swift; sourceTree = "<group>"; };
		CD9753A527BEAF4300C69919 /* ShowsLoaderMaker.swift */ = {isa = PBXFileReference; lastKnownFileType = sourcecode.swift; path = ShowsLoaderMaker.swift; sourceTree = "<group>"; };
		CD9753A827BEB04400C69919 /* LoadResourcePresentatioAdapter+HomeRefreshControllerDelegate.swift */ = {isa = PBXFileReference; lastKnownFileType = sourcecode.swift; path = "LoadResourcePresentatioAdapter+HomeRefreshControllerDelegate.swift"; sourceTree = "<group>"; };
		CD9753AA27BEB08000C69919 /* LoadResourcePresentationAdapter+TVShowCellControllerDelegate.swift */ = {isa = PBXFileReference; lastKnownFileType = sourcecode.swift; path = "LoadResourcePresentationAdapter+TVShowCellControllerDelegate.swift"; sourceTree = "<group>"; };
		CD9753AC27BEB0DB00C69919 /* LoadResourcePresentationAdapter+HomeHeaderControllerDelegate.swift */ = {isa = PBXFileReference; lastKnownFileType = sourcecode.swift; path = "LoadResourcePresentationAdapter+HomeHeaderControllerDelegate.swift"; sourceTree = "<group>"; };
		CD9753AE27BEB23F00C69919 /* RequestMaker.swift */ = {isa = PBXFileReference; lastKnownFileType = sourcecode.swift; path = RequestMaker.swift; sourceTree = "<group>"; };
		CDA7FE252791053B00FE8735 /* SharedPresentation.framework */ = {isa = PBXFileReference; explicitFileType = wrapper.framework; path = SharedPresentation.framework; sourceTree = BUILT_PRODUCTS_DIR; };
		CDBBD71027A0A4DE00E9C652 /* HomeCellViewAdapter.swift */ = {isa = PBXFileReference; lastKnownFileType = sourcecode.swift; path = HomeCellViewAdapter.swift; sourceTree = "<group>"; };
		CDBE54E227BB0917000C475F /* MockWindow.swift */ = {isa = PBXFileReference; lastKnownFileType = sourcecode.swift; path = MockWindow.swift; sourceTree = "<group>"; };
		CDBE54E427BB09A4000C475F /* SceneDelegateTests.swift */ = {isa = PBXFileReference; lastKnownFileType = sourcecode.swift; path = SceneDelegateTests.swift; sourceTree = "<group>"; };
		CDBE54E627BB0F32000C475F /* HomeScreenAcceptanceTests.swift */ = {isa = PBXFileReference; lastKnownFileType = sourcecode.swift; path = HomeScreenAcceptanceTests.swift; sourceTree = "<group>"; };
		CDC35A932792427C007D2504 /* HomeScreen+TestHelpers.swift */ = {isa = PBXFileReference; lastKnownFileType = sourcecode.swift; path = "HomeScreen+TestHelpers.swift"; sourceTree = "<group>"; };
		CDC35A962792488C007D2504 /* LoadResourcePresentationAdapter.swift */ = {isa = PBXFileReference; lastKnownFileType = sourcecode.swift; path = LoadResourcePresentationAdapter.swift; sourceTree = "<group>"; };
		CDC35A9827924923007D2504 /* TVShowsViewAdapter.swift */ = {isa = PBXFileReference; lastKnownFileType = sourcecode.swift; path = TVShowsViewAdapter.swift; sourceTree = "<group>"; };
		CDC35A9A2792499D007D2504 /* HomeScreenComposer.swift */ = {isa = PBXFileReference; lastKnownFileType = sourcecode.swift; path = HomeScreenComposer.swift; sourceTree = "<group>"; };
		CDC35A9C279249F7007D2504 /* WeakReferenceProxy.swift */ = {isa = PBXFileReference; lastKnownFileType = sourcecode.swift; path = WeakReferenceProxy.swift; sourceTree = "<group>"; };
		CDCA603028259AE8006C2871 /* SharediOS.framework */ = {isa = PBXFileReference; explicitFileType = wrapper.framework; path = SharediOS.framework; sourceTree = BUILT_PRODUCTS_DIR; };
		CDD992142795F0A8004D8317 /* Combine+Helpers.swift */ = {isa = PBXFileReference; lastKnownFileType = sourcecode.swift; path = "Combine+Helpers.swift"; sourceTree = "<group>"; };
		CDE1D231278F83190033918A /* HomeScreenIntegrationTests.swift */ = {isa = PBXFileReference; lastKnownFileType = sourcecode.swift; path = HomeScreenIntegrationTests.swift; sourceTree = "<group>"; };
		CDED77592840108600B9E440 /* LoginUIComposer.swift */ = {isa = PBXFileReference; lastKnownFileType = sourcecode.swift; path = LoginUIComposer.swift; sourceTree = "<group>"; };
		CDED775B284010D900B9E440 /* LoginRequestPresentationAdapter.swift */ = {isa = PBXFileReference; lastKnownFileType = sourcecode.swift; path = LoginRequestPresentationAdapter.swift; sourceTree = "<group>"; };
		CDED775D2840112600B9E440 /* LoginViewAdapter.swift */ = {isa = PBXFileReference; lastKnownFileType = sourcecode.swift; path = LoginViewAdapter.swift; sourceTree = "<group>"; };
/* End PBXFileReference section */

/* Begin PBXFrameworksBuildPhase section */
		CD8120E7277A718D00277EF1 /* Frameworks */ = {
			isa = PBXFrameworksBuildPhase;
			buildActionMask = 2147483647;
			files = (
				CDA7FE33279107E900FE8735 /* SharedAPI.framework in Frameworks */,
				CDA7FE3A279107EF00FE8735 /* TVShowsiOS.framework in Frameworks */,
				CDCA603128259AE8006C2871 /* SharediOS.framework in Frameworks */,
				CDA7FE36279107EB00FE8735 /* SharedPresentation.framework in Frameworks */,
				CDA7FE38279107ED00FE8735 /* TVShows.framework in Frameworks */,
			);
			runOnlyForDeploymentPostprocessing = 0;
		};
		CD8120FD277A719100277EF1 /* Frameworks */ = {
			isa = PBXFrameworksBuildPhase;
			buildActionMask = 2147483647;
			files = (
			);
			runOnlyForDeploymentPostprocessing = 0;
		};
		CD812107277A719100277EF1 /* Frameworks */ = {
			isa = PBXFrameworksBuildPhase;
			buildActionMask = 2147483647;
			files = (
			);
			runOnlyForDeploymentPostprocessing = 0;
		};
/* End PBXFrameworksBuildPhase section */

/* Begin PBXGroup section */
		CD08165127BD628E00691C51 /* Helpers */ = {
			isa = PBXGroup;
			children = (
				CD08165227BD62B700691C51 /* UIImage+Make.swift */,
				CD571BC4283EF42C0050DD22 /* UIControl+SendEvent.swift */,
				CD571BC6283EF5480050DD22 /* XCTestCase+TrackMemoryLeaks.swift */,
			);
			path = Helpers;
			sourceTree = "<group>";
		};
		CD20D70D283C5A77008A5E58 /* Login Integration Tests */ = {
			isa = PBXGroup;
			children = (
				CD20D70E283C5AA2008A5E58 /* LoginIntegrationTests.swift */,
			);
			path = "Login Integration Tests";
			sourceTree = "<group>";
		};
		CD8120E1277A718D00277EF1 = {
			isa = PBXGroup;
			children = (
				CD8120EC277A718D00277EF1 /* MoviesNavigatorApp */,
				CD812103277A719100277EF1 /* MoviesNavigatorAppTests */,
				CD81210D277A719100277EF1 /* MoviesNavigatorAppUITests */,
				CD8120EB277A718D00277EF1 /* Products */,
				CD81211D277A722A00277EF1 /* Frameworks */,
			);
			sourceTree = "<group>";
		};
		CD8120EB277A718D00277EF1 /* Products */ = {
			isa = PBXGroup;
			children = (
				CD8120EA277A718D00277EF1 /* MoviesNavigatorApp.app */,
				CD812100277A719100277EF1 /* MoviesNavigatorAppTests.xctest */,
				CD81210A277A719100277EF1 /* MoviesNavigatorAppUITests.xctest */,
			);
			name = Products;
			sourceTree = "<group>";
		};
		CD8120EC277A718D00277EF1 /* MoviesNavigatorApp */ = {
			isa = PBXGroup;
			children = (
				CDED77582840104E00B9E440 /* Login */,
				CD9753A727BEAFE400C69919 /* Load Adapters */,
				CD9753A027BEADA000C69919 /* Helpers */,
				CDC35A952792481D007D2504 /* Home */,
				CD8120ED277A718D00277EF1 /* AppDelegate.swift */,
				CD8120EF277A718D00277EF1 /* SceneDelegate.swift */,
				CD8120F6277A719100277EF1 /* Assets.xcassets */,
				CD8120F8277A719100277EF1 /* LaunchScreen.storyboard */,
				CD8120FB277A719100277EF1 /* Info.plist */,
			);
			path = MoviesNavigatorApp;
			sourceTree = "<group>";
		};
		CD812103277A719100277EF1 /* MoviesNavigatorAppTests */ = {
			isa = PBXGroup;
			children = (
				CD20D70D283C5A77008A5E58 /* Login Integration Tests */,
				CD08165127BD628E00691C51 /* Helpers */,
				CDBE54E027BB0843000C475F /* Acceptance Tests */,
				CDE1D230278F82F20033918A /* Home Integration Tests */,
			);
			path = MoviesNavigatorAppTests;
			sourceTree = "<group>";
		};
		CD81210D277A719100277EF1 /* MoviesNavigatorAppUITests */ = {
			isa = PBXGroup;
			children = (
				CD81210E277A719100277EF1 /* MoviesNavigatorAppUITests.swift */,
				CD812110277A719100277EF1 /* MoviesNavigatorAppUITestsLaunchTests.swift */,
			);
			path = MoviesNavigatorAppUITests;
			sourceTree = "<group>";
		};
		CD81211D277A722A00277EF1 /* Frameworks */ = {
			isa = PBXGroup;
			children = (
				CDCA603028259AE8006C2871 /* SharediOS.framework */,
				CDA7FE252791053B00FE8735 /* SharedPresentation.framework */,
				CD7C0839277A73DE00E473BD /* SharedAPI.framework */,
				CD812128277A72EB00277EF1 /* SharedAPI.framework */,
				CD81211E277A722A00277EF1 /* SharedAPI.framework */,
				CD81211F277A722A00277EF1 /* TVShows.framework */,
				CD812120277A722A00277EF1 /* TVShowsiOS.framework */,
			);
			name = Frameworks;
			sourceTree = "<group>";
		};
		CD9753A027BEADA000C69919 /* Helpers */ = {
			isa = PBXGroup;
			children = (
				CD7A341427A9F3C70058D0B1 /* LoaderMaker.swift */,
				CDD992142795F0A8004D8317 /* Combine+Helpers.swift */,
				CD9753A127BEADCF00C69919 /* DispatchQueue+DispatchOnMainQueue.swift */,
				CD9753AE27BEB23F00C69919 /* RequestMaker.swift */,
			);
			path = Helpers;
			sourceTree = "<group>";
		};
		CD9753A727BEAFE400C69919 /* Load Adapters */ = {
			isa = PBXGroup;
			children = (
				CDC35A962792488C007D2504 /* LoadResourcePresentationAdapter.swift */,
				CD9753A827BEB04400C69919 /* LoadResourcePresentatioAdapter+HomeRefreshControllerDelegate.swift */,
				CD9753AA27BEB08000C69919 /* LoadResourcePresentationAdapter+TVShowCellControllerDelegate.swift */,
				CD9753AC27BEB0DB00C69919 /* LoadResourcePresentationAdapter+HomeHeaderControllerDelegate.swift */,
			);
			path = "Load Adapters";
			sourceTree = "<group>";
		};
		CDBE54E027BB0843000C475F /* Acceptance Tests */ = {
			isa = PBXGroup;
			children = (
				CDBE54E127BB0879000C475F /* Helpers */,
				CDBE54E427BB09A4000C475F /* SceneDelegateTests.swift */,
				CDBE54E627BB0F32000C475F /* HomeScreenAcceptanceTests.swift */,
			);
			path = "Acceptance Tests";
			sourceTree = "<group>";
		};
		CDBE54E127BB0879000C475F /* Helpers */ = {
			isa = PBXGroup;
			children = (
				CDBE54E227BB0917000C475F /* MockWindow.swift */,
				CD7C8C50284952D800729BB8 /* TokenStoreStub.swift */,
				CD7C8C5228495B5A00729BB8 /* StubHTTPClient.swift */,
			);
			path = Helpers;
			sourceTree = "<group>";
		};
		CDC35A9227924266007D2504 /* Helpers */ = {
			isa = PBXGroup;
			children = (
				CDC35A932792427C007D2504 /* HomeScreen+TestHelpers.swift */,
			);
			path = "\U0010Helpers";
			sourceTree = "<group>";
		};
		CDC35A952792481D007D2504 /* Home */ = {
			isa = PBXGroup;
			children = (
				CDC35A9827924923007D2504 /* TVShowsViewAdapter.swift */,
				CDC35A9A2792499D007D2504 /* HomeScreenComposer.swift */,
				CDC35A9C279249F7007D2504 /* WeakReferenceProxy.swift */,
				CDBBD71027A0A4DE00E9C652 /* HomeCellViewAdapter.swift */,
				CD9753A327BEAF1F00C69919 /* PosterLoaderMaker.swift */,
				CD9753A527BEAF4300C69919 /* ShowsLoaderMaker.swift */,
			);
			path = Home;
			sourceTree = "<group>";
		};
		CDE1D230278F82F20033918A /* Home Integration Tests */ = {
			isa = PBXGroup;
			children = (
				CDC35A9227924266007D2504 /* Helpers */,
				CDE1D231278F83190033918A /* HomeScreenIntegrationTests.swift */,
			);
			path = "Home Integration Tests";
			sourceTree = "<group>";
		};
		CDED77582840104E00B9E440 /* Login */ = {
			isa = PBXGroup;
			children = (
				CDED77592840108600B9E440 /* LoginUIComposer.swift */,
				CDED775B284010D900B9E440 /* LoginRequestPresentationAdapter.swift */,
				CDED775D2840112600B9E440 /* LoginViewAdapter.swift */,
				CD1BC6EF284171780010E7CB /* LoginPresentationAdapter.swift */,
			);
			path = Login;
			sourceTree = "<group>";
		};
/* End PBXGroup section */

/* Begin PBXNativeTarget section */
		CD8120E9277A718D00277EF1 /* MoviesNavigatorApp */ = {
			isa = PBXNativeTarget;
			buildConfigurationList = CD812114277A719100277EF1 /* Build configuration list for PBXNativeTarget "MoviesNavigatorApp" */;
			buildPhases = (
				CD8120E6277A718D00277EF1 /* Sources */,
				CD8120E7277A718D00277EF1 /* Frameworks */,
				CD8120E8277A718D00277EF1 /* Resources */,
				CDA7FE35279107E900FE8735 /* Embed Frameworks */,
			);
			buildRules = (
			);
			dependencies = (
			);
			name = MoviesNavigatorApp;
			productName = MoviesNavigatorApp;
			productReference = CD8120EA277A718D00277EF1 /* MoviesNavigatorApp.app */;
			productType = "com.apple.product-type.application";
		};
		CD8120FF277A719100277EF1 /* MoviesNavigatorAppTests */ = {
			isa = PBXNativeTarget;
			buildConfigurationList = CD812117277A719100277EF1 /* Build configuration list for PBXNativeTarget "MoviesNavigatorAppTests" */;
			buildPhases = (
				CD8120FC277A719100277EF1 /* Sources */,
				CD8120FD277A719100277EF1 /* Frameworks */,
				CD8120FE277A719100277EF1 /* Resources */,
			);
			buildRules = (
			);
			dependencies = (
				CD812102277A719100277EF1 /* PBXTargetDependency */,
			);
			name = MoviesNavigatorAppTests;
			productName = MoviesNavigatorAppTests;
			productReference = CD812100277A719100277EF1 /* MoviesNavigatorAppTests.xctest */;
			productType = "com.apple.product-type.bundle.unit-test";
		};
		CD812109277A719100277EF1 /* MoviesNavigatorAppUITests */ = {
			isa = PBXNativeTarget;
			buildConfigurationList = CD81211A277A719100277EF1 /* Build configuration list for PBXNativeTarget "MoviesNavigatorAppUITests" */;
			buildPhases = (
				CD812106277A719100277EF1 /* Sources */,
				CD812107277A719100277EF1 /* Frameworks */,
				CD812108277A719100277EF1 /* Resources */,
			);
			buildRules = (
			);
			dependencies = (
				CD81210C277A719100277EF1 /* PBXTargetDependency */,
			);
			name = MoviesNavigatorAppUITests;
			productName = MoviesNavigatorAppUITests;
			productReference = CD81210A277A719100277EF1 /* MoviesNavigatorAppUITests.xctest */;
			productType = "com.apple.product-type.bundle.ui-testing";
		};
/* End PBXNativeTarget section */

/* Begin PBXProject section */
		CD8120E2277A718D00277EF1 /* Project object */ = {
			isa = PBXProject;
			attributes = {
				BuildIndependentTargetsInParallel = 1;
				LastSwiftUpdateCheck = 1310;
				LastUpgradeCheck = 1310;
				TargetAttributes = {
					CD8120E9277A718D00277EF1 = {
						CreatedOnToolsVersion = 13.1;
					};
					CD8120FF277A719100277EF1 = {
						CreatedOnToolsVersion = 13.1;
						LastSwiftMigration = 1310;
						TestTargetID = CD8120E9277A718D00277EF1;
					};
					CD812109277A719100277EF1 = {
						CreatedOnToolsVersion = 13.1;
						TestTargetID = CD8120E9277A718D00277EF1;
					};
				};
			};
			buildConfigurationList = CD8120E5277A718D00277EF1 /* Build configuration list for PBXProject "MoviesNavigatorApp" */;
			compatibilityVersion = "Xcode 13.0";
			developmentRegion = en;
			hasScannedForEncodings = 0;
			knownRegions = (
				en,
				Base,
			);
			mainGroup = CD8120E1277A718D00277EF1;
			productRefGroup = CD8120EB277A718D00277EF1 /* Products */;
			projectDirPath = "";
			projectRoot = "";
			targets = (
				CD8120E9277A718D00277EF1 /* MoviesNavigatorApp */,
				CD8120FF277A719100277EF1 /* MoviesNavigatorAppTests */,
				CD812109277A719100277EF1 /* MoviesNavigatorAppUITests */,
			);
		};
/* End PBXProject section */

/* Begin PBXResourcesBuildPhase section */
		CD8120E8277A718D00277EF1 /* Resources */ = {
			isa = PBXResourcesBuildPhase;
			buildActionMask = 2147483647;
			files = (
				CD8120FA277A719100277EF1 /* LaunchScreen.storyboard in Resources */,
				CD8120F7277A719100277EF1 /* Assets.xcassets in Resources */,
			);
			runOnlyForDeploymentPostprocessing = 0;
		};
		CD8120FE277A719100277EF1 /* Resources */ = {
			isa = PBXResourcesBuildPhase;
			buildActionMask = 2147483647;
			files = (
			);
			runOnlyForDeploymentPostprocessing = 0;
		};
		CD812108277A719100277EF1 /* Resources */ = {
			isa = PBXResourcesBuildPhase;
			buildActionMask = 2147483647;
			files = (
			);
			runOnlyForDeploymentPostprocessing = 0;
		};
/* End PBXResourcesBuildPhase section */

/* Begin PBXSourcesBuildPhase section */
		CD8120E6277A718D00277EF1 /* Sources */ = {
			isa = PBXSourcesBuildPhase;
			buildActionMask = 2147483647;
			files = (
				CD9753A627BEAF4300C69919 /* ShowsLoaderMaker.swift in Sources */,
				CDC35A972792488C007D2504 /* LoadResourcePresentationAdapter.swift in Sources */,
				CD9753A227BEADCF00C69919 /* DispatchQueue+DispatchOnMainQueue.swift in Sources */,
				CD8120EE277A718D00277EF1 /* AppDelegate.swift in Sources */,
				CDD992152795F0A8004D8317 /* Combine+Helpers.swift in Sources */,
				CD9753AD27BEB0DB00C69919 /* LoadResourcePresentationAdapter+HomeHeaderControllerDelegate.swift in Sources */,
				CD9753AF27BEB23F00C69919 /* RequestMaker.swift in Sources */,
				CD8120F0277A718D00277EF1 /* SceneDelegate.swift in Sources */,
				CDC35A9D279249F7007D2504 /* WeakReferenceProxy.swift in Sources */,
				CD9753AB27BEB08000C69919 /* LoadResourcePresentationAdapter+TVShowCellControllerDelegate.swift in Sources */,
				CDED775C284010D900B9E440 /* LoginRequestPresentationAdapter.swift in Sources */,
				CD1BC6F0284171780010E7CB /* LoginPresentationAdapter.swift in Sources */,
				CD9753A927BEB04400C69919 /* LoadResourcePresentatioAdapter+HomeRefreshControllerDelegate.swift in Sources */,
				CDC35A9B2792499D007D2504 /* HomeScreenComposer.swift in Sources */,
				CD7A341527A9F3C70058D0B1 /* LoaderMaker.swift in Sources */,
				CDC35A9927924923007D2504 /* TVShowsViewAdapter.swift in Sources */,
				CD9753A427BEAF1F00C69919 /* PosterLoaderMaker.swift in Sources */,
				CDBBD71127A0A4DE00E9C652 /* HomeCellViewAdapter.swift in Sources */,
				CDED775E2840112600B9E440 /* LoginViewAdapter.swift in Sources */,
				CDED775A2840108600B9E440 /* LoginUIComposer.swift in Sources */,
			);
			runOnlyForDeploymentPostprocessing = 0;
		};
		CD8120FC277A719100277EF1 /* Sources */ = {
			isa = PBXSourcesBuildPhase;
			buildActionMask = 2147483647;
			files = (
				CDC35A942792427C007D2504 /* HomeScreen+TestHelpers.swift in Sources */,
				CDBE54E727BB0F32000C475F /* HomeScreenAcceptanceTests.swift in Sources */,
				CD571BC7283EF5480050DD22 /* XCTestCase+TrackMemoryLeaks.swift in Sources */,
				CD7C8C5328495B5A00729BB8 /* StubHTTPClient.swift in Sources */,
				CD571BC5283EF42C0050DD22 /* UIControl+SendEvent.swift in Sources */,
				CDE1D232278F83190033918A /* HomeScreenIntegrationTests.swift in Sources */,
				CD08165327BD62B700691C51 /* UIImage+Make.swift in Sources */,
				CDBE54E527BB09A4000C475F /* SceneDelegateTests.swift in Sources */,
				CD7C8C51284952D800729BB8 /* TokenStoreStub.swift in Sources */,
				CDBE54E327BB0917000C475F /* MockWindow.swift in Sources */,
				CD20D70F283C5AA2008A5E58 /* LoginIntegrationTests.swift in Sources */,
			);
			runOnlyForDeploymentPostprocessing = 0;
		};
		CD812106277A719100277EF1 /* Sources */ = {
			isa = PBXSourcesBuildPhase;
			buildActionMask = 2147483647;
			files = (
				CD81210F277A719100277EF1 /* MoviesNavigatorAppUITests.swift in Sources */,
				CD812111277A719100277EF1 /* MoviesNavigatorAppUITestsLaunchTests.swift in Sources */,
			);
			runOnlyForDeploymentPostprocessing = 0;
		};
/* End PBXSourcesBuildPhase section */

/* Begin PBXTargetDependency section */
		CD812102277A719100277EF1 /* PBXTargetDependency */ = {
			isa = PBXTargetDependency;
			target = CD8120E9277A718D00277EF1 /* MoviesNavigatorApp */;
			targetProxy = CD812101277A719100277EF1 /* PBXContainerItemProxy */;
		};
		CD81210C277A719100277EF1 /* PBXTargetDependency */ = {
			isa = PBXTargetDependency;
			target = CD8120E9277A718D00277EF1 /* MoviesNavigatorApp */;
			targetProxy = CD81210B277A719100277EF1 /* PBXContainerItemProxy */;
		};
/* End PBXTargetDependency section */

/* Begin PBXVariantGroup section */
		CD8120F8277A719100277EF1 /* LaunchScreen.storyboard */ = {
			isa = PBXVariantGroup;
			children = (
				CD8120F9277A719100277EF1 /* Base */,
			);
			name = LaunchScreen.storyboard;
			sourceTree = "<group>";
		};
/* End PBXVariantGroup section */

/* Begin XCBuildConfiguration section */
		CD812112277A719100277EF1 /* Debug */ = {
			isa = XCBuildConfiguration;
			buildSettings = {
				ALWAYS_SEARCH_USER_PATHS = NO;
				CLANG_ANALYZER_NONNULL = YES;
				CLANG_ANALYZER_NUMBER_OBJECT_CONVERSION = YES_AGGRESSIVE;
				CLANG_CXX_LANGUAGE_STANDARD = "gnu++17";
				CLANG_CXX_LIBRARY = "libc++";
				CLANG_ENABLE_MODULES = YES;
				CLANG_ENABLE_OBJC_ARC = YES;
				CLANG_ENABLE_OBJC_WEAK = YES;
				CLANG_WARN_BLOCK_CAPTURE_AUTORELEASING = YES;
				CLANG_WARN_BOOL_CONVERSION = YES;
				CLANG_WARN_COMMA = YES;
				CLANG_WARN_CONSTANT_CONVERSION = YES;
				CLANG_WARN_DEPRECATED_OBJC_IMPLEMENTATIONS = YES;
				CLANG_WARN_DIRECT_OBJC_ISA_USAGE = YES_ERROR;
				CLANG_WARN_DOCUMENTATION_COMMENTS = YES;
				CLANG_WARN_EMPTY_BODY = YES;
				CLANG_WARN_ENUM_CONVERSION = YES;
				CLANG_WARN_INFINITE_RECURSION = YES;
				CLANG_WARN_INT_CONVERSION = YES;
				CLANG_WARN_NON_LITERAL_NULL_CONVERSION = YES;
				CLANG_WARN_OBJC_IMPLICIT_RETAIN_SELF = YES;
				CLANG_WARN_OBJC_LITERAL_CONVERSION = YES;
				CLANG_WARN_OBJC_ROOT_CLASS = YES_ERROR;
				CLANG_WARN_QUOTED_INCLUDE_IN_FRAMEWORK_HEADER = YES;
				CLANG_WARN_RANGE_LOOP_ANALYSIS = YES;
				CLANG_WARN_STRICT_PROTOTYPES = YES;
				CLANG_WARN_SUSPICIOUS_MOVE = YES;
				CLANG_WARN_UNGUARDED_AVAILABILITY = YES_AGGRESSIVE;
				CLANG_WARN_UNREACHABLE_CODE = YES;
				CLANG_WARN__DUPLICATE_METHOD_MATCH = YES;
				COPY_PHASE_STRIP = NO;
				DEBUG_INFORMATION_FORMAT = dwarf;
				ENABLE_STRICT_OBJC_MSGSEND = YES;
				ENABLE_TESTABILITY = YES;
				GCC_C_LANGUAGE_STANDARD = gnu11;
				GCC_DYNAMIC_NO_PIC = NO;
				GCC_NO_COMMON_BLOCKS = YES;
				GCC_OPTIMIZATION_LEVEL = 0;
				GCC_PREPROCESSOR_DEFINITIONS = (
					"DEBUG=1",
					"$(inherited)",
				);
				GCC_WARN_64_TO_32_BIT_CONVERSION = YES;
				GCC_WARN_ABOUT_RETURN_TYPE = YES_ERROR;
				GCC_WARN_UNDECLARED_SELECTOR = YES;
				GCC_WARN_UNINITIALIZED_AUTOS = YES_AGGRESSIVE;
				GCC_WARN_UNUSED_FUNCTION = YES;
				GCC_WARN_UNUSED_VARIABLE = YES;
				IPHONEOS_DEPLOYMENT_TARGET = 15.0;
				MTL_ENABLE_DEBUG_INFO = INCLUDE_SOURCE;
				MTL_FAST_MATH = YES;
				ONLY_ACTIVE_ARCH = YES;
				SDKROOT = iphoneos;
				SWIFT_ACTIVE_COMPILATION_CONDITIONS = DEBUG;
				SWIFT_OPTIMIZATION_LEVEL = "-Onone";
			};
			name = Debug;
		};
		CD812113277A719100277EF1 /* Release */ = {
			isa = XCBuildConfiguration;
			buildSettings = {
				ALWAYS_SEARCH_USER_PATHS = NO;
				CLANG_ANALYZER_NONNULL = YES;
				CLANG_ANALYZER_NUMBER_OBJECT_CONVERSION = YES_AGGRESSIVE;
				CLANG_CXX_LANGUAGE_STANDARD = "gnu++17";
				CLANG_CXX_LIBRARY = "libc++";
				CLANG_ENABLE_MODULES = YES;
				CLANG_ENABLE_OBJC_ARC = YES;
				CLANG_ENABLE_OBJC_WEAK = YES;
				CLANG_WARN_BLOCK_CAPTURE_AUTORELEASING = YES;
				CLANG_WARN_BOOL_CONVERSION = YES;
				CLANG_WARN_COMMA = YES;
				CLANG_WARN_CONSTANT_CONVERSION = YES;
				CLANG_WARN_DEPRECATED_OBJC_IMPLEMENTATIONS = YES;
				CLANG_WARN_DIRECT_OBJC_ISA_USAGE = YES_ERROR;
				CLANG_WARN_DOCUMENTATION_COMMENTS = YES;
				CLANG_WARN_EMPTY_BODY = YES;
				CLANG_WARN_ENUM_CONVERSION = YES;
				CLANG_WARN_INFINITE_RECURSION = YES;
				CLANG_WARN_INT_CONVERSION = YES;
				CLANG_WARN_NON_LITERAL_NULL_CONVERSION = YES;
				CLANG_WARN_OBJC_IMPLICIT_RETAIN_SELF = YES;
				CLANG_WARN_OBJC_LITERAL_CONVERSION = YES;
				CLANG_WARN_OBJC_ROOT_CLASS = YES_ERROR;
				CLANG_WARN_QUOTED_INCLUDE_IN_FRAMEWORK_HEADER = YES;
				CLANG_WARN_RANGE_LOOP_ANALYSIS = YES;
				CLANG_WARN_STRICT_PROTOTYPES = YES;
				CLANG_WARN_SUSPICIOUS_MOVE = YES;
				CLANG_WARN_UNGUARDED_AVAILABILITY = YES_AGGRESSIVE;
				CLANG_WARN_UNREACHABLE_CODE = YES;
				CLANG_WARN__DUPLICATE_METHOD_MATCH = YES;
				COPY_PHASE_STRIP = NO;
				DEBUG_INFORMATION_FORMAT = "dwarf-with-dsym";
				ENABLE_NS_ASSERTIONS = NO;
				ENABLE_STRICT_OBJC_MSGSEND = YES;
				GCC_C_LANGUAGE_STANDARD = gnu11;
				GCC_NO_COMMON_BLOCKS = YES;
				GCC_WARN_64_TO_32_BIT_CONVERSION = YES;
				GCC_WARN_ABOUT_RETURN_TYPE = YES_ERROR;
				GCC_WARN_UNDECLARED_SELECTOR = YES;
				GCC_WARN_UNINITIALIZED_AUTOS = YES_AGGRESSIVE;
				GCC_WARN_UNUSED_FUNCTION = YES;
				GCC_WARN_UNUSED_VARIABLE = YES;
				IPHONEOS_DEPLOYMENT_TARGET = 15.0;
				MTL_ENABLE_DEBUG_INFO = NO;
				MTL_FAST_MATH = YES;
				SDKROOT = iphoneos;
				SWIFT_COMPILATION_MODE = wholemodule;
				SWIFT_OPTIMIZATION_LEVEL = "-O";
				VALIDATE_PRODUCT = YES;
			};
			name = Release;
		};
		CD812115277A719100277EF1 /* Debug */ = {
			isa = XCBuildConfiguration;
			buildSettings = {
				ASSETCATALOG_COMPILER_APPICON_NAME = AppIcon;
				ASSETCATALOG_COMPILER_GLOBAL_ACCENT_COLOR_NAME = AccentColor;
				CODE_SIGN_STYLE = Automatic;
				CURRENT_PROJECT_VERSION = 1;
				GENERATE_INFOPLIST_FILE = YES;
				INFOPLIST_FILE = MoviesNavigatorApp/Info.plist;
				INFOPLIST_KEY_UIApplicationSupportsIndirectInputEvents = YES;
				INFOPLIST_KEY_UILaunchStoryboardName = LaunchScreen;
				INFOPLIST_KEY_UISupportedInterfaceOrientations_iPad = "UIInterfaceOrientationPortrait UIInterfaceOrientationPortraitUpsideDown UIInterfaceOrientationLandscapeLeft UIInterfaceOrientationLandscapeRight";
				INFOPLIST_KEY_UISupportedInterfaceOrientations_iPhone = "UIInterfaceOrientationPortrait UIInterfaceOrientationLandscapeLeft UIInterfaceOrientationLandscapeRight";
				LD_RUNPATH_SEARCH_PATHS = (
					"$(inherited)",
					"@executable_path/Frameworks",
				);
				MARKETING_VERSION = 1.0;
				PRODUCT_BUNDLE_IDENTIFIER = com.luispiura.MoviesNavigatorApp;
				PRODUCT_NAME = "$(TARGET_NAME)";
				SWIFT_EMIT_LOC_STRINGS = YES;
				SWIFT_VERSION = 5.0;
				TARGETED_DEVICE_FAMILY = "1,2";
			};
			name = Debug;
		};
		CD812116277A719100277EF1 /* Release */ = {
			isa = XCBuildConfiguration;
			buildSettings = {
				ASSETCATALOG_COMPILER_APPICON_NAME = AppIcon;
				ASSETCATALOG_COMPILER_GLOBAL_ACCENT_COLOR_NAME = AccentColor;
				CODE_SIGN_STYLE = Automatic;
				CURRENT_PROJECT_VERSION = 1;
				GENERATE_INFOPLIST_FILE = YES;
				INFOPLIST_FILE = MoviesNavigatorApp/Info.plist;
				INFOPLIST_KEY_UIApplicationSupportsIndirectInputEvents = YES;
				INFOPLIST_KEY_UILaunchStoryboardName = LaunchScreen;
				INFOPLIST_KEY_UISupportedInterfaceOrientations_iPad = "UIInterfaceOrientationPortrait UIInterfaceOrientationPortraitUpsideDown UIInterfaceOrientationLandscapeLeft UIInterfaceOrientationLandscapeRight";
				INFOPLIST_KEY_UISupportedInterfaceOrientations_iPhone = "UIInterfaceOrientationPortrait UIInterfaceOrientationLandscapeLeft UIInterfaceOrientationLandscapeRight";
				LD_RUNPATH_SEARCH_PATHS = (
					"$(inherited)",
					"@executable_path/Frameworks",
				);
				MARKETING_VERSION = 1.0;
				PRODUCT_BUNDLE_IDENTIFIER = com.luispiura.MoviesNavigatorApp;
				PRODUCT_NAME = "$(TARGET_NAME)";
				SWIFT_EMIT_LOC_STRINGS = YES;
				SWIFT_VERSION = 5.0;
				TARGETED_DEVICE_FAMILY = "1,2";
			};
			name = Release;
		};
		CD812118277A719100277EF1 /* Debug */ = {
			isa = XCBuildConfiguration;
			buildSettings = {
				ALWAYS_EMBED_SWIFT_STANDARD_LIBRARIES = YES;
				BUNDLE_LOADER = "$(TEST_HOST)";
				CLANG_ENABLE_MODULES = YES;
				CODE_SIGN_STYLE = Automatic;
				CURRENT_PROJECT_VERSION = 1;
				GENERATE_INFOPLIST_FILE = YES;
				IPHONEOS_DEPLOYMENT_TARGET = 15.0;
				LD_RUNPATH_SEARCH_PATHS = (
					"$(inherited)",
					"@executable_path/Frameworks",
					"@loader_path/Frameworks",
				);
				MARKETING_VERSION = 1.0;
				PRODUCT_BUNDLE_IDENTIFIER = com.luispiura.MoviesNavigatorAppTests;
				PRODUCT_NAME = "$(TARGET_NAME)";
				SWIFT_EMIT_LOC_STRINGS = NO;
				SWIFT_OPTIMIZATION_LEVEL = "-Onone";
				SWIFT_VERSION = 5.0;
				TARGETED_DEVICE_FAMILY = "1,2";
				TEST_HOST = "$(BUILT_PRODUCTS_DIR)/MoviesNavigatorApp.app/MoviesNavigatorApp";
			};
			name = Debug;
		};
		CD812119277A719100277EF1 /* Release */ = {
			isa = XCBuildConfiguration;
			buildSettings = {
				ALWAYS_EMBED_SWIFT_STANDARD_LIBRARIES = YES;
				BUNDLE_LOADER = "$(TEST_HOST)";
				CLANG_ENABLE_MODULES = YES;
				CODE_SIGN_STYLE = Automatic;
				CURRENT_PROJECT_VERSION = 1;
				GENERATE_INFOPLIST_FILE = YES;
				IPHONEOS_DEPLOYMENT_TARGET = 15.0;
				LD_RUNPATH_SEARCH_PATHS = (
					"$(inherited)",
					"@executable_path/Frameworks",
					"@loader_path/Frameworks",
				);
				MARKETING_VERSION = 1.0;
				PRODUCT_BUNDLE_IDENTIFIER = com.luispiura.MoviesNavigatorAppTests;
				PRODUCT_NAME = "$(TARGET_NAME)";
				SWIFT_EMIT_LOC_STRINGS = NO;
				SWIFT_VERSION = 5.0;
				TARGETED_DEVICE_FAMILY = "1,2";
				TEST_HOST = "$(BUILT_PRODUCTS_DIR)/MoviesNavigatorApp.app/MoviesNavigatorApp";
			};
			name = Release;
		};
		CD81211B277A719100277EF1 /* Debug */ = {
			isa = XCBuildConfiguration;
			buildSettings = {
				ALWAYS_EMBED_SWIFT_STANDARD_LIBRARIES = YES;
				CODE_SIGN_STYLE = Automatic;
				CURRENT_PROJECT_VERSION = 1;
				GENERATE_INFOPLIST_FILE = YES;
				LD_RUNPATH_SEARCH_PATHS = (
					"$(inherited)",
					"@executable_path/Frameworks",
					"@loader_path/Frameworks",
				);
				MARKETING_VERSION = 1.0;
				PRODUCT_BUNDLE_IDENTIFIER = com.luispiura.MoviesNavigatorAppUITests;
				PRODUCT_NAME = "$(TARGET_NAME)";
				SWIFT_EMIT_LOC_STRINGS = NO;
				SWIFT_VERSION = 5.0;
				TARGETED_DEVICE_FAMILY = "1,2";
				TEST_TARGET_NAME = MoviesNavigatorApp;
			};
			name = Debug;
		};
		CD81211C277A719100277EF1 /* Release */ = {
			isa = XCBuildConfiguration;
			buildSettings = {
				ALWAYS_EMBED_SWIFT_STANDARD_LIBRARIES = YES;
				CODE_SIGN_STYLE = Automatic;
				CURRENT_PROJECT_VERSION = 1;
				GENERATE_INFOPLIST_FILE = YES;
				LD_RUNPATH_SEARCH_PATHS = (
					"$(inherited)",
					"@executable_path/Frameworks",
					"@loader_path/Frameworks",
				);
				MARKETING_VERSION = 1.0;
				PRODUCT_BUNDLE_IDENTIFIER = com.luispiura.MoviesNavigatorAppUITests;
				PRODUCT_NAME = "$(TARGET_NAME)";
				SWIFT_EMIT_LOC_STRINGS = NO;
				SWIFT_VERSION = 5.0;
				TARGETED_DEVICE_FAMILY = "1,2";
				TEST_TARGET_NAME = MoviesNavigatorApp;
			};
			name = Release;
		};
/* End XCBuildConfiguration section */

/* Begin XCConfigurationList section */
		CD8120E5277A718D00277EF1 /* Build configuration list for PBXProject "MoviesNavigatorApp" */ = {
			isa = XCConfigurationList;
			buildConfigurations = (
				CD812112277A719100277EF1 /* Debug */,
				CD812113277A719100277EF1 /* Release */,
			);
			defaultConfigurationIsVisible = 0;
			defaultConfigurationName = Release;
		};
		CD812114277A719100277EF1 /* Build configuration list for PBXNativeTarget "MoviesNavigatorApp" */ = {
			isa = XCConfigurationList;
			buildConfigurations = (
				CD812115277A719100277EF1 /* Debug */,
				CD812116277A719100277EF1 /* Release */,
			);
			defaultConfigurationIsVisible = 0;
			defaultConfigurationName = Release;
		};
		CD812117277A719100277EF1 /* Build configuration list for PBXNativeTarget "MoviesNavigatorAppTests" */ = {
			isa = XCConfigurationList;
			buildConfigurations = (
				CD812118277A719100277EF1 /* Debug */,
				CD812119277A719100277EF1 /* Release */,
			);
			defaultConfigurationIsVisible = 0;
			defaultConfigurationName = Release;
		};
		CD81211A277A719100277EF1 /* Build configuration list for PBXNativeTarget "MoviesNavigatorAppUITests" */ = {
			isa = XCConfigurationList;
			buildConfigurations = (
				CD81211B277A719100277EF1 /* Debug */,
				CD81211C277A719100277EF1 /* Release */,
			);
			defaultConfigurationIsVisible = 0;
			defaultConfigurationName = Release;
		};
/* End XCConfigurationList section */
	};
	rootObject = CD8120E2277A718D00277EF1 /* Project object */;
}
